Microsoft Visual Studio Solution File, Format Version 12.00
# Visual Studio Version 17
VisualStudioVersion = 17.5.2.0
MinimumVisualStudioVersion = 10.0.40219.1
Project("{2150E333-8FDC-42A3-9474-1A3956D46DE8}") = "Computervision", "Computervision", "{4F3A74C3-7789-BC44-5841-DF3B413CF3E9}"
EndProject
Project("{2150E333-8FDC-42A3-9474-1A3956D46DE8}") = "Labfiles", "Labfiles", "{AC69821E-E326-055E-A7A1-EC816B47EF9F}"
EndProject
Project("{2150E333-8FDC-42A3-9474-1A3956D46DE8}") = "01-analyze-images", "01-analyze-images", "{264C7835-2C91-588E-51C9-474FCA5035D6}"
EndProject
Project("{2150E333-8FDC-42A3-9474-1A3956D46DE8}") = "C-Sharp", "C-Sharp", "{11289233-F827-9699-922C-168603C15BB7}"
EndProject
Project("{FAE04EC0-301F-11D3-BF4B-00C04F79EFBC}") = "image-analysis", "Computervision\Labfiles\01-analyze-images\C-Sharp\image-analysis\image-analysis.csproj", "{7C991D7E-F587-00E8-4872-3A1739BF2767}"
EndProject
Project("{2150E333-8FDC-42A3-9474-1A3956D46DE8}") = "03-object-detection", "03-object-detection", "{601FEEB0-05CE-8C6C-A1C8-66232BE23212}"
EndProject
Project("{2150E333-8FDC-42A3-9474-1A3956D46DE8}") = "C-Sharp", "C-Sharp", "{C2205F67-4281-C457-8D38-337D82A8849C}"
EndProject
Project("{FAE04EC0-301F-11D3-BF4B-00C04F79EFBC}") = "test-detector", "Computervision\Labfiles\03-object-detection\C-Sharp\test-detector\test-detector.csproj", "{46F910D8-0DC3-A70E-F26E-9DB58AFA0DDD}"
EndProject
Project("{FAE04EC0-301F-11D3-BF4B-00C04F79EFBC}") = "train-detector", "Computervision\Labfiles\03-object-detection\C-Sharp\train-detector\train-detector.csproj", "{565131BD-F902-A9C7-BC73-88EA32472E83}"
EndProject
Project("{2150E333-8FDC-42A3-9474-1A3956D46DE8}") = "04-face", "04-face", "{25ECB95B-2AD5-AE7A-E0E6-7663239D6BC6}"
EndProject
Project("{2150E333-8FDC-42A3-9474-1A3956D46DE8}") = "C-Sharp", "C-Sharp", "{7DFF3CEF-B4C1-1548-E06F-669F0741C966}"
EndProject
Project("{FAE04EC0-301F-11D3-BF4B-00C04F79EFBC}") = "detect-people", "Computervision\Labfiles\04-face\C-Sharp\computer-vision\detect-people.csproj", "{AE433F9E-40C7-BB4A-1CCA-7BE89492BE0B}"
EndProject
Project("{FAE04EC0-301F-11D3-BF4B-00C04F79EFBC}") = "analyze-faces", "Computervision\Labfiles\04-face\C-Sharp\face-api\analyze-faces.csproj", "{F0D38B97-423E-32E9-9EEA-F3B1E6FEB148}"
EndProject
Project("{2150E333-8FDC-42A3-9474-1A3956D46DE8}") = "05-ocr", "05-ocr", "{5A73E831-A18B-1133-A000-10FAF0F2A456}"
EndProject
Project("{2150E333-8FDC-42A3-9474-1A3956D46DE8}") = "C-Sharp", "C-Sharp", "{30F728C4-1087-10B2-5797-E5791473E69F}"
EndProject
Project("{FAE04EC0-301F-11D3-BF4B-00C04F79EFBC}") = "read-text", "Computervision\Labfiles\05-ocr\C-Sharp\read-text\read-text.csproj", "{4ED1BDA6-EECB-A775-DE46-AB59D5D42998}"
EndProject
Project("{2150E333-8FDC-42A3-9474-1A3956D46DE8}") = "07-custom-vision-image-classification", "07-custom-vision-image-classification", "{84D7D44A-E17C-8115-8CCB-00414C10F73D}"
EndProject
Project("{2150E333-8FDC-42A3-9474-1A3956D46DE8}") = "C-Sharp", "C-Sharp", "{FD0D77A7-4EA2-7782-3A88-6CEB9BD99406}"
EndProject
Project("{FAE04EC0-301F-11D3-BF4B-00C04F79EFBC}") = "test-classifier", "Computervision\Labfiles\07-custom-vision-image-classification\C-Sharp\test-classifier\test-classifier.csproj", "{D7012AEC-761F-B10C-2F12-B3CD3C7C8662}"
EndProject
Project("{FAE04EC0-301F-11D3-BF4B-00C04F79EFBC}") = "train-classifier", "Computervision\Labfiles\07-custom-vision-image-classification\C-Sharp\train-classifier\train-classifier.csproj", "{80231A88-E02E-018A-7849-D8D806EBF0DD}"
EndProject
Global
	GlobalSection(SolutionConfigurationPlatforms) = preSolution
		Debug|Any CPU = Debug|Any CPU
		Release|Any CPU = Release|Any CPU
	EndGlobalSection
	GlobalSection(ProjectConfigurationPlatforms) = postSolution
		{7C991D7E-F587-00E8-4872-3A1739BF2767}.Debug|Any CPU.ActiveCfg = Debug|Any CPU
		{7C991D7E-F587-00E8-4872-3A1739BF2767}.Debug|Any CPU.Build.0 = Debug|Any CPU
		{7C991D7E-F587-00E8-4872-3A1739BF2767}.Release|Any CPU.ActiveCfg = Release|Any CPU
		{7C991D7E-F587-00E8-4872-3A1739BF2767}.Release|Any CPU.Build.0 = Release|Any CPU
		{46F910D8-0DC3-A70E-F26E-9DB58AFA0DDD}.Debug|Any CPU.ActiveCfg = Debug|Any CPU
		{46F910D8-0DC3-A70E-F26E-9DB58AFA0DDD}.Debug|Any CPU.Build.0 = Debug|Any CPU
		{46F910D8-0DC3-A70E-F26E-9DB58AFA0DDD}.Release|Any CPU.ActiveCfg = Release|Any CPU
		{46F910D8-0DC3-A70E-F26E-9DB58AFA0DDD}.Release|Any CPU.Build.0 = Release|Any CPU
		{565131BD-F902-A9C7-BC73-88EA32472E83}.Debug|Any CPU.ActiveCfg = Debug|Any CPU
		{565131BD-F902-A9C7-BC73-88EA32472E83}.Debug|Any CPU.Build.0 = Debug|Any CPU
		{565131BD-F902-A9C7-BC73-88EA32472E83}.Release|Any CPU.ActiveCfg = Release|Any CPU
		{565131BD-F902-A9C7-BC73-88EA32472E83}.Release|Any CPU.Build.0 = Release|Any CPU
		{AE433F9E-40C7-BB4A-1CCA-7BE89492BE0B}.Debug|Any CPU.ActiveCfg = Debug|Any CPU
		{AE433F9E-40C7-BB4A-1CCA-7BE89492BE0B}.Debug|Any CPU.Build.0 = Debug|Any CPU
		{AE433F9E-40C7-BB4A-1CCA-7BE89492BE0B}.Release|Any CPU.ActiveCfg = Release|Any CPU
		{AE433F9E-40C7-BB4A-1CCA-7BE89492BE0B}.Release|Any CPU.Build.0 = Release|Any CPU
		{F0D38B97-423E-32E9-9EEA-F3B1E6FEB148}.Debug|Any CPU.ActiveCfg = Debug|Any CPU
		{F0D38B97-423E-32E9-9EEA-F3B1E6FEB148}.Debug|Any CPU.Build.0 = Debug|Any CPU
		{F0D38B97-423E-32E9-9EEA-F3B1E6FEB148}.Release|Any CPU.ActiveCfg = Release|Any CPU
		{F0D38B97-423E-32E9-9EEA-F3B1E6FEB148}.Release|Any CPU.Build.0 = Release|Any CPU
		{4ED1BDA6-EECB-A775-DE46-AB59D5D42998}.Debug|Any CPU.ActiveCfg = Debug|Any CPU
		{4ED1BDA6-EECB-A775-DE46-AB59D5D42998}.Debug|Any CPU.Build.0 = Debug|Any CPU
		{4ED1BDA6-EECB-A775-DE46-AB59D5D42998}.Release|Any CPU.ActiveCfg = Release|Any CPU
		{4ED1BDA6-EECB-A775-DE46-AB59D5D42998}.Release|Any CPU.Build.0 = Release|Any CPU
		{D7012AEC-761F-B10C-2F12-B3CD3C7C8662}.Debug|Any CPU.ActiveCfg = Debug|Any CPU
		{D7012AEC-761F-B10C-2F12-B3CD3C7C8662}.Debug|Any CPU.Build.0 = Debug|Any CPU
		{D7012AEC-761F-B10C-2F12-B3CD3C7C8662}.Release|Any CPU.ActiveCfg = Release|Any CPU
		{D7012AEC-761F-B10C-2F12-B3CD3C7C8662}.Release|Any CPU.Build.0 = Release|Any CPU
		{80231A88-E02E-018A-7849-D8D806EBF0DD}.Debug|Any CPU.ActiveCfg = Debug|Any CPU
		{80231A88-E02E-018A-7849-D8D806EBF0DD}.Debug|Any CPU.Build.0 = Debug|Any CPU
		{80231A88-E02E-018A-7849-D8D806EBF0DD}.Release|Any CPU.ActiveCfg = Release|Any CPU
		{80231A88-E02E-018A-7849-D8D806EBF0DD}.Release|Any CPU.Build.0 = Release|Any CPU
	EndGlobalSection
	GlobalSection(SolutionProperties) = preSolution
		HideSolutionNode = FALSE
	EndGlobalSection
	GlobalSection(NestedProjects) = preSolution
		{AC69821E-E326-055E-A7A1-EC816B47EF9F} = {4F3A74C3-7789-BC44-5841-DF3B413CF3E9}
		{264C7835-2C91-588E-51C9-474FCA5035D6} = {AC69821E-E326-055E-A7A1-EC816B47EF9F}
		{11289233-F827-9699-922C-168603C15BB7} = {264C7835-2C91-588E-51C9-474FCA5035D6}
		{7C991D7E-F587-00E8-4872-3A1739BF2767} = {11289233-F827-9699-922C-168603C15BB7}
		{601FEEB0-05CE-8C6C-A1C8-66232BE23212} = {AC69821E-E326-055E-A7A1-EC816B47EF9F}
		{C2205F67-4281-C457-8D38-337D82A8849C} = {601FEEB0-05CE-8C6C-A1C8-66232BE23212}
		{46F910D8-0DC3-A70E-F26E-9DB58AFA0DDD} = {C2205F67-4281-C457-8D38-337D82A8849C}
		{565131BD-F902-A9C7-BC73-88EA32472E83} = {C2205F67-4281-C457-8D38-337D82A8849C}
		{25ECB95B-2AD5-AE7A-E0E6-7663239D6BC6} = {AC69821E-E326-055E-A7A1-EC816B47EF9F}
		{7DFF3CEF-B4C1-1548-E06F-669F0741C966} = {25ECB95B-2AD5-AE7A-E0E6-7663239D6BC6}
		{AE433F9E-40C7-BB4A-1CCA-7BE89492BE0B} = {7DFF3CEF-B4C1-1548-E06F-669F0741C966}
		{F0D38B97-423E-32E9-9EEA-F3B1E6FEB148} = {7DFF3CEF-B4C1-1548-E06F-669F0741C966}
		{5A73E831-A18B-1133-A000-10FAF0F2A456} = {AC69821E-E326-055E-A7A1-EC816B47EF9F}
		{30F728C4-1087-10B2-5797-E5791473E69F} = {5A73E831-A18B-1133-A000-10FAF0F2A456}
		{4ED1BDA6-EECB-A775-DE46-AB59D5D42998} = {30F728C4-1087-10B2-5797-E5791473E69F}
		{84D7D44A-E17C-8115-8CCB-00414C10F73D} = {AC69821E-E326-055E-A7A1-EC816B47EF9F}
		{FD0D77A7-4EA2-7782-3A88-6CEB9BD99406} = {84D7D44A-E17C-8115-8CCB-00414C10F73D}
		{D7012AEC-761F-B10C-2F12-B3CD3C7C8662} = {FD0D77A7-4EA2-7782-3A88-6CEB9BD99406}
		{80231A88-E02E-018A-7849-D8D806EBF0DD} = {FD0D77A7-4EA2-7782-3A88-6CEB9BD99406}
	EndGlobalSection
	GlobalSection(ExtensibilityGlobals) = postSolution
		SolutionGuid = {2DE40ECC-6F45-45A6-AF36-8B1654AC3E5D}
	EndGlobalSection
EndGlobal
